{
  "name": "cls",
  "version": "1.0.0",
  "lockfileVersion": 2,
  "requires": true,
  "packages": {
    "": {
      "name": "cls",
      "version": "1.0.0",
      "license": "ISC",
      "dependencies": {
        "mysql-query-validator": "^0.0.4"
      }
    },
    "node_modules/mysql-query-validator": {
      "version": "0.0.4",
      "resolved": "https://registry.npmjs.org/mysql-query-validator/-/mysql-query-validator-0.0.4.tgz",
      "integrity": "sha512-ayMklmTLK7T1/KB/y9fGyXgosoEyyjNLrzcSxGR/0IpA8B++owKPQfqYNdioh6btm2fkJzQxaKYheALB0qObtw==",
      "dependencies": {
        "shell-escape": "^0.2.0"
      }
    },
    "node_modules/shell-escape": {
      "version": "0.2.0",
      "resolved": "https://registry.npmjs.org/shell-escape/-/shell-escape-0.2.0.tgz",
      "integrity": "sha512-uRRBT2MfEOyxuECseCZd28jC1AJ8hmqqneWQ4VWUTgCAFvb3wKU1jLqj6egC4Exrr88ogg3dp+zroH4wJuaXzw=="
    }
  },
  "dependencies": {
    "mysql-query-validator": {
      "version": "0.0.4",
      "resolved": "https://registry.npmjs.org/mysql-query-validator/-/mysql-query-validator-0.0.4.tgz",
      "integrity": "sha512-ayMklmTLK7T1/KB/y9fGyXgosoEyyjNLrzcSxGR/0IpA8B++owKPQfqYNdioh6btm2fkJzQxaKYheALB0qObtw==",
      "requires": {
        "shell-escape": "^0.2.0"
      }
    },
    "shell-escape": {
      "version": "0.2.0",
      "resolved": "https://registry.npmjs.org/shell-escape/-/shell-escape-0.2.0.tgz",
      "integrity": "sha512-uRRBT2MfEOyxuECseCZd28jC1AJ8hmqqneWQ4VWUTgCAFvb3wKU1jLqj6egC4Exrr88ogg3dp+zroH4wJuaXzw=="
    }
  }
}
